
Microsoft Visual Studio Solution File, Format Version 12.00
# Visual Studio 2013
VisualStudioVersion = 12.0.40629.0
MinimumVisualStudioVersion = 10.0.40219.1
Project("{FAE04EC0-301F-11D3-BF4B-00C04F79EFBC}") = "List2XML", "List2XML\List2XML.csproj", "{01E3C1D9-ADA4-4D83-B0C0-D9FD3726424F}"
EndProject
Global
	GlobalSection(SolutionConfigurationPlatforms) = preSolution
		Debug|Any CPU = Debug|Any CPU
		Release|Any CPU = Release|Any CPU
	EndGlobalSection
	GlobalSection(ProjectConfigurationPlatforms) = postSolution
		{01E3C1D9-ADA4-4D83-B0C0-D9FD3726424F}.Debug|Any CPU.ActiveCfg = Debug|Any CPU
		{01E3C1D9-ADA4-4D83-B0C0-D9FD3726424F}.Debug|Any CPU.Build.0 = Debug|Any CPU
		{01E3C1D9-ADA4-4D83-B0C0-D9FD3726424F}.Release|Any CPU.ActiveCfg = Release|Any CPU
		{01E3C1D9-ADA4-4D83-B0C0-D9FD3726424F}.Release|Any CPU.Build.0 = Release|Any CPU
	EndGlobalSection
	GlobalSection(SolutionProperties) = preSolution
		HideSolutionNode = FALSE
	EndGlobalSection
EndGlobal
